
Microsoft Visual Studio Solution File, Format Version 12.00
# Visual Studio Version 16
VisualStudioVersion = 16.0.30011.22
MinimumVisualStudioVersion = 10.0.40219.1
Project("{FAE04EC0-301F-11D3-BF4B-00C04F79EFBC}") = "CoreExamples", "CoreExamples\CoreExamples.csproj", "{490DF15D-4091-451A-A51A-FBA8B8A4FD2E}"
EndProject
Project("{FAE04EC0-301F-11D3-BF4B-00C04F79EFBC}") = "CoreExamplesTests", "CoreExamplesTests\CoreExamplesTests.csproj", "{6052021B-A6C9-4B77-B9F0-2C412BC1FBF3}"
EndProject
Global
	GlobalSection(SolutionConfigurationPlatforms) = preSolution
		Debug|Any CPU = Debug|Any CPU
		Release|Any CPU = Release|Any CPU
	EndGlobalSection
	GlobalSection(ProjectConfigurationPlatforms) = postSolution
		{490DF15D-4091-451A-A51A-FBA8B8A4FD2E}.Debug|Any CPU.ActiveCfg = Debug|Any CPU
		{490DF15D-4091-451A-A51A-FBA8B8A4FD2E}.Debug|Any CPU.Build.0 = Debug|Any CPU
		{490DF15D-4091-451A-A51A-FBA8B8A4FD2E}.Release|Any CPU.ActiveCfg = Release|Any CPU
		{490DF15D-4091-451A-A51A-FBA8B8A4FD2E}.Release|Any CPU.Build.0 = Release|Any CPU
		{6052021B-A6C9-4B77-B9F0-2C412BC1FBF3}.Debug|Any CPU.ActiveCfg = Debug|Any CPU
		{6052021B-A6C9-4B77-B9F0-2C412BC1FBF3}.Debug|Any CPU.Build.0 = Debug|Any CPU
		{6052021B-A6C9-4B77-B9F0-2C412BC1FBF3}.Release|Any CPU.ActiveCfg = Release|Any CPU
		{6052021B-A6C9-4B77-B9F0-2C412BC1FBF3}.Release|Any CPU.Build.0 = Release|Any CPU
	EndGlobalSection
	GlobalSection(SolutionProperties) = preSolution
		HideSolutionNode = FALSE
	EndGlobalSection
	GlobalSection(ExtensibilityGlobals) = postSolution
		SolutionGuid = {F56AD1E2-F9FE-4F2B-AC14-7ACA8FC73787}
	EndGlobalSection
EndGlobal
